
Microsoft Visual Studio Solution File, Format Version 12.00
# Visual Studio Version 17
VisualStudioVersion = 17.14.36616.10 d17.14
MinimumVisualStudioVersion = 10.0.40219.1
Project("{FAE04EC0-301F-11D3-BF4B-00C04F79EFBC}") = "GHI_ASSET_CARGO.API", "GHI_ASSET_CARGO.API\GHI_ASSET_CARGO.API.csproj", "{5580EA69-4B1C-4411-A3E7-D8F3CB8DDC65}"
EndProject
Project("{FAE04EC0-301F-11D3-BF4B-00C04F79EFBC}") = "GHI_ASSET_CARGO.Domain", "GHI_ASSET_CARGO.APPLICATION\GHI_ASSET_CARGO.Domain.csproj", "{A2995D72-1BEC-4E29-BEF3-CBB8DB60386F}"
EndProject
Project("{FAE04EC0-301F-11D3-BF4B-00C04F79EFBC}") = "GHI_ASSET_CARGO.Core", "GHI_ASSET_CARGO.Core\GHI_ASSET_CARGO.Core.csproj", "{17623290-854E-467A-8640-E90382B4E013}"
EndProject
Project("{FAE04EC0-301F-11D3-BF4B-00C04F79EFBC}") = "GHI_ASSET_CARGO.Data", "GHI_ASSET_CARGO.Data\GHI_ASSET_CARGO.Data.csproj", "{E2C1E41C-47A8-43D7-AB43-11D00B088EAE}"
EndProject
Project("{FAE04EC0-301F-11D3-BF4B-00C04F79EFBC}") = "GHI_ASSET_CARGO.Infrastructure", "GHI_ASSET_CARGO.Infrastructure\GHI_ASSET_CARGO.Infrastructure.csproj", "{22A0D6BB-E115-402E-AA0E-2FD320773D82}"
EndProject
Global
	GlobalSection(SolutionConfigurationPlatforms) = preSolution
		Debug|Any CPU = Debug|Any CPU
		Release|Any CPU = Release|Any CPU
	EndGlobalSection
	GlobalSection(ProjectConfigurationPlatforms) = postSolution
		{5580EA69-4B1C-4411-A3E7-D8F3CB8DDC65}.Debug|Any CPU.ActiveCfg = Debug|Any CPU
		{5580EA69-4B1C-4411-A3E7-D8F3CB8DDC65}.Debug|Any CPU.Build.0 = Debug|Any CPU
		{5580EA69-4B1C-4411-A3E7-D8F3CB8DDC65}.Release|Any CPU.ActiveCfg = Release|Any CPU
		{5580EA69-4B1C-4411-A3E7-D8F3CB8DDC65}.Release|Any CPU.Build.0 = Release|Any CPU
		{A2995D72-1BEC-4E29-BEF3-CBB8DB60386F}.Debug|Any CPU.ActiveCfg = Debug|Any CPU
		{A2995D72-1BEC-4E29-BEF3-CBB8DB60386F}.Debug|Any CPU.Build.0 = Debug|Any CPU
		{A2995D72-1BEC-4E29-BEF3-CBB8DB60386F}.Release|Any CPU.ActiveCfg = Release|Any CPU
		{A2995D72-1BEC-4E29-BEF3-CBB8DB60386F}.Release|Any CPU.Build.0 = Release|Any CPU
		{17623290-854E-467A-8640-E90382B4E013}.Debug|Any CPU.ActiveCfg = Debug|Any CPU
		{17623290-854E-467A-8640-E90382B4E013}.Debug|Any CPU.Build.0 = Debug|Any CPU
		{17623290-854E-467A-8640-E90382B4E013}.Release|Any CPU.ActiveCfg = Release|Any CPU
		{17623290-854E-467A-8640-E90382B4E013}.Release|Any CPU.Build.0 = Release|Any CPU
		{E2C1E41C-47A8-43D7-AB43-11D00B088EAE}.Debug|Any CPU.ActiveCfg = Debug|Any CPU
		{E2C1E41C-47A8-43D7-AB43-11D00B088EAE}.Debug|Any CPU.Build.0 = Debug|Any CPU
		{E2C1E41C-47A8-43D7-AB43-11D00B088EAE}.Release|Any CPU.ActiveCfg = Release|Any CPU
		{E2C1E41C-47A8-43D7-AB43-11D00B088EAE}.Release|Any CPU.Build.0 = Release|Any CPU
		{22A0D6BB-E115-402E-AA0E-2FD320773D82}.Debug|Any CPU.ActiveCfg = Debug|Any CPU
		{22A0D6BB-E115-402E-AA0E-2FD320773D82}.Debug|Any CPU.Build.0 = Debug|Any CPU
		{22A0D6BB-E115-402E-AA0E-2FD320773D82}.Release|Any CPU.ActiveCfg = Release|Any CPU
		{22A0D6BB-E115-402E-AA0E-2FD320773D82}.Release|Any CPU.Build.0 = Release|Any CPU
	EndGlobalSection
	GlobalSection(SolutionProperties) = preSolution
		HideSolutionNode = FALSE
	EndGlobalSection
	GlobalSection(ExtensibilityGlobals) = postSolution
		SolutionGuid = {2E65F5DF-BA62-4255-805A-C283685DA715}
	EndGlobalSection
EndGlobal
